
Microsoft Visual Studio Solution File, Format Version 12.00
# Visual Studio Version 17
VisualStudioVersion = 17.0.32112.339
MinimumVisualStudioVersion = 10.0.40219.1
Project("{FAE04EC0-301F-11D3-BF4B-00C04F79EFBC}") = "Lab 5", "Lab 5\Lab 5.csproj", "{157FD818-0EB7-4E78-B84D-F261EC64BFD6}"
EndProject
Global
	GlobalSection(SolutionConfigurationPlatforms) = preSolution
		Debug|Any CPU = Debug|Any CPU
		Release|Any CPU = Release|Any CPU
	EndGlobalSection
	GlobalSection(ProjectConfigurationPlatforms) = postSolution
		{157FD818-0EB7-4E78-B84D-F261EC64BFD6}.Debug|Any CPU.ActiveCfg = Debug|Any CPU
		{157FD818-0EB7-4E78-B84D-F261EC64BFD6}.Debug|Any CPU.Build.0 = Debug|Any CPU
		{157FD818-0EB7-4E78-B84D-F261EC64BFD6}.Release|Any CPU.ActiveCfg = Release|Any CPU
		{157FD818-0EB7-4E78-B84D-F261EC64BFD6}.Release|Any CPU.Build.0 = Release|Any CPU
	EndGlobalSection
	GlobalSection(SolutionProperties) = preSolution
		HideSolutionNode = FALSE
	EndGlobalSection
	GlobalSection(ExtensibilityGlobals) = postSolution
		SolutionGuid = {5EC12312-0BB3-41FE-B0B8-DDC6C16A0CE3}
	EndGlobalSection
EndGlobal
